// !$*UTF8*$!
{
	archiveVersion = 1;
	classes = {
	};
	objectVersion = 50;
	objects = {

/* Begin PBXBuildFile section */
		1E017B9E24CDB70D00CF979A /* SolveView.swift in Sources */ = {isa = PBXBuildFile; fileRef = 1E017B9D24CDB70D00CF979A /* SolveView.swift */; };
		1E017BA024CDB71A00CF979A /* PlayView.swift in Sources */ = {isa = PBXBuildFile; fileRef = 1E017B9F24CDB71A00CF979A /* PlayView.swift */; };
		1E02D59B24CE5696001BF62B /* AboutView.swift in Sources */ = {isa = PBXBuildFile; fileRef = 1E02D59A24CE5696001BF62B /* AboutView.swift */; };
		1E2E74BC24E86AA600218E55 /* GameView.swift in Sources */ = {isa = PBXBuildFile; fileRef = 1E2E74BB24E86AA600218E55 /* GameView.swift */; };
		1E2E74BE24E86B6500218E55 /* BoardView.swift in Sources */ = {isa = PBXBuildFile; fileRef = 1E2E74BD24E86B6500218E55 /* BoardView.swift */; };
		1E3335D2253400FD00966EA6 /* Master.swift in Sources */ = {isa = PBXBuildFile; fileRef = 1E3335D1253400FD00966EA6 /* Master.swift */; };
		1E3A697F24CE1F02000930A4 /* Oligopoly Regular.otf in Resources */ = {isa = PBXBuildFile; fileRef = 1E3A697E24CE1F02000930A4 /* Oligopoly Regular.otf */; };
		1E5A5AAE24CD077900F31124 /* TrainView.swift in Sources */ = {isa = PBXBuildFile; fileRef = 1E5A5AAD24CD077900F31124 /* TrainView.swift */; };
		1E68179324CC973B001713E7 /* AppDelegate.swift in Sources */ = {isa = PBXBuildFile; fileRef = 1E68179224CC973B001713E7 /* AppDelegate.swift */; };
		1E68179524CC973B001713E7 /* SceneDelegate.swift in Sources */ = {isa = PBXBuildFile; fileRef = 1E68179424CC973B001713E7 /* SceneDelegate.swift */; };
		1E68179924CC973D001713E7 /* Assets.xcassets in Resources */ = {isa = PBXBuildFile; fileRef = 1E68179824CC973D001713E7 /* Assets.xcassets */; };
		1E68179C24CC973D001713E7 /* Preview Assets.xcassets in Resources */ = {isa = PBXBuildFile; fileRef = 1E68179B24CC973D001713E7 /* Preview Assets.xcassets */; };
		1E68179F24CC973D001713E7 /* LaunchScreen.storyboard in Resources */ = {isa = PBXBuildFile; fileRef = 1E68179D24CC973D001713E7 /* LaunchScreen.storyboard */; };
		1E6817A724CC977B001713E7 /* MainView.swift in Sources */ = {isa = PBXBuildFile; fileRef = 1E6817A624CC977B001713E7 /* MainView.swift */; };
		1E6C429024FCE1F20065BDF5 /* BoardHelper.swift in Sources */ = {isa = PBXBuildFile; fileRef = 1E6C428F24FCE1F20065BDF5 /* BoardHelper.swift */; };
		1E6D2E4B24CE9729001EFE85 /* CubeView.swift in Sources */ = {isa = PBXBuildFile; fileRef = 1E6D2E4A24CE9729001EFE85 /* CubeView.swift */; };
		1E713370258184B600059BC3 /* Beginner.swift in Sources */ = {isa = PBXBuildFile; fileRef = 1E71336F258184B600059BC3 /* Beginner.swift */; };
		1E7B959224D34015004B3C80 /* SettingsView.swift in Sources */ = {isa = PBXBuildFile; fileRef = 1E7B959124D34015004B3C80 /* SettingsView.swift */; };
		1E883EFB24EE3B14002686C8 /* HeightHelper.swift in Sources */ = {isa = PBXBuildFile; fileRef = 1E883EFA24EE3B14002686C8 /* HeightHelper.swift */; };
		1E8C554725365E3400C9A556 /* GameData.swift in Sources */ = {isa = PBXBuildFile; fileRef = 1E8C554625365E3400C9A556 /* GameData.swift */; };
		1E9E9FBE24CDEB4700002500 /* SceneHelper.swift in Sources */ = {isa = PBXBuildFile; fileRef = 1E9E9FBD24CDEB4700002500 /* SceneHelper.swift */; };
		1EA0CABA2580468D00C200E8 /* HPicker.swift in Sources */ = {isa = PBXBuildFile; fileRef = 1EA0CAB92580468D00C200E8 /* HPicker.swift */; };
		1EAEE3BB24D9DA1400490530 /* FriendsView.swift in Sources */ = {isa = PBXBuildFile; fileRef = 1EAEE3BA24D9DA1400490530 /* FriendsView.swift */; };
		1EAEE3BD24D9DCBA00490530 /* ReplaysView.swift in Sources */ = {isa = PBXBuildFile; fileRef = 1EAEE3BC24D9DCBA00490530 /* ReplaysView.swift */; };
		1EC2B8852536A86C001B0A1F /* Checks.swift in Sources */ = {isa = PBXBuildFile; fileRef = 1EC2B8842536A86C001B0A1F /* Checks.swift */; };
		1EDDE19024FAC70800B7742C /* Board.swift in Sources */ = {isa = PBXBuildFile; fileRef = 1EDDE18F24FAC70800B7742C /* Board.swift */; };
		1EE4C75C24EB7ADC0038C1E2 /* UIHelper.swift in Sources */ = {isa = PBXBuildFile; fileRef = 1EE4C75B24EB7ADC0038C1E2 /* UIHelper.swift */; };
		1EEB0D4E24CF3780008F5B4B /* ColorHelper.swift in Sources */ = {isa = PBXBuildFile; fileRef = 1EEB0D4D24CF3780008F5B4B /* ColorHelper.swift */; };
/* End PBXBuildFile section */

/* Begin PBXFileReference section */
		1E017B9D24CDB70D00CF979A /* SolveView.swift */ = {isa = PBXFileReference; lastKnownFileType = sourcecode.swift; path = SolveView.swift; sourceTree = "<group>"; };
		1E017B9F24CDB71A00CF979A /* PlayView.swift */ = {isa = PBXFileReference; lastKnownFileType = sourcecode.swift; path = PlayView.swift; sourceTree = "<group>"; };
		1E02D59A24CE5696001BF62B /* AboutView.swift */ = {isa = PBXFileReference; lastKnownFileType = sourcecode.swift; path = AboutView.swift; sourceTree = "<group>"; };
		1E2E74BB24E86AA600218E55 /* GameView.swift */ = {isa = PBXFileReference; lastKnownFileType = sourcecode.swift; path = GameView.swift; sourceTree = "<group>"; };
		1E2E74BD24E86B6500218E55 /* BoardView.swift */ = {isa = PBXFileReference; lastKnownFileType = sourcecode.swift; path = BoardView.swift; sourceTree = "<group>"; };
		1E3335D1253400FD00966EA6 /* Master.swift */ = {isa = PBXFileReference; lastKnownFileType = sourcecode.swift; path = Master.swift; sourceTree = "<group>"; };
		1E3A697E24CE1F02000930A4 /* Oligopoly Regular.otf */ = {isa = PBXFileReference; lastKnownFileType = file; path = "Oligopoly Regular.otf"; sourceTree = "<group>"; };
		1E5A5AAD24CD077900F31124 /* TrainView.swift */ = {isa = PBXFileReference; lastKnownFileType = sourcecode.swift; path = TrainView.swift; sourceTree = "<group>"; };
		1E68178F24CC973B001713E7 /* qubic.app */ = {isa = PBXFileReference; explicitFileType = wrapper.application; includeInIndex = 0; path = qubic.app; sourceTree = BUILT_PRODUCTS_DIR; };
		1E68179224CC973B001713E7 /* AppDelegate.swift */ = {isa = PBXFileReference; lastKnownFileType = sourcecode.swift; path = AppDelegate.swift; sourceTree = "<group>"; };
		1E68179424CC973B001713E7 /* SceneDelegate.swift */ = {isa = PBXFileReference; lastKnownFileType = sourcecode.swift; path = SceneDelegate.swift; sourceTree = "<group>"; };
		1E68179824CC973D001713E7 /* Assets.xcassets */ = {isa = PBXFileReference; lastKnownFileType = folder.assetcatalog; path = Assets.xcassets; sourceTree = "<group>"; };
		1E68179B24CC973D001713E7 /* Preview Assets.xcassets */ = {isa = PBXFileReference; lastKnownFileType = folder.assetcatalog; path = "Preview Assets.xcassets"; sourceTree = "<group>"; };
		1E68179E24CC973D001713E7 /* Base */ = {isa = PBXFileReference; lastKnownFileType = file.storyboard; name = Base; path = Base.lproj/LaunchScreen.storyboard; sourceTree = "<group>"; };
		1E6817A024CC973D001713E7 /* Info.plist */ = {isa = PBXFileReference; lastKnownFileType = text.plist.xml; path = Info.plist; sourceTree = "<group>"; };
		1E6817A624CC977B001713E7 /* MainView.swift */ = {isa = PBXFileReference; lastKnownFileType = sourcecode.swift; path = MainView.swift; sourceTree = "<group>"; };
		1E6C428F24FCE1F20065BDF5 /* BoardHelper.swift */ = {isa = PBXFileReference; lastKnownFileType = sourcecode.swift; path = BoardHelper.swift; sourceTree = "<group>"; };
		1E6D2E4A24CE9729001EFE85 /* CubeView.swift */ = {isa = PBXFileReference; lastKnownFileType = sourcecode.swift; path = CubeView.swift; sourceTree = "<group>"; };
		1E6E46B3253CCB4400DEC992 /* qubic.entitlements */ = {isa = PBXFileReference; lastKnownFileType = text.plist.entitlements; path = qubic.entitlements; sourceTree = "<group>"; };
		1E71336F258184B600059BC3 /* Beginner.swift */ = {isa = PBXFileReference; lastKnownFileType = sourcecode.swift; path = Beginner.swift; sourceTree = "<group>"; };
		1E7B959124D34015004B3C80 /* SettingsView.swift */ = {isa = PBXFileReference; lastKnownFileType = sourcecode.swift; path = SettingsView.swift; sourceTree = "<group>"; };
		1E883EFA24EE3B14002686C8 /* HeightHelper.swift */ = {isa = PBXFileReference; lastKnownFileType = sourcecode.swift; path = HeightHelper.swift; sourceTree = "<group>"; };
		1E8C554625365E3400C9A556 /* GameData.swift */ = {isa = PBXFileReference; lastKnownFileType = sourcecode.swift; path = GameData.swift; sourceTree = "<group>"; };
		1E9E9FBD24CDEB4700002500 /* SceneHelper.swift */ = {isa = PBXFileReference; lastKnownFileType = sourcecode.swift; path = SceneHelper.swift; sourceTree = "<group>"; };
		1EA0CAB92580468D00C200E8 /* HPicker.swift */ = {isa = PBXFileReference; lastKnownFileType = sourcecode.swift; path = HPicker.swift; sourceTree = "<group>"; };
		1EAEE3BA24D9DA1400490530 /* FriendsView.swift */ = {isa = PBXFileReference; lastKnownFileType = sourcecode.swift; path = FriendsView.swift; sourceTree = "<group>"; };
		1EAEE3BC24D9DCBA00490530 /* ReplaysView.swift */ = {isa = PBXFileReference; lastKnownFileType = sourcecode.swift; path = ReplaysView.swift; sourceTree = "<group>"; };
		1EC2B8842536A86C001B0A1F /* Checks.swift */ = {isa = PBXFileReference; lastKnownFileType = sourcecode.swift; path = Checks.swift; sourceTree = "<group>"; };
		1EDDE18F24FAC70800B7742C /* Board.swift */ = {isa = PBXFileReference; lastKnownFileType = sourcecode.swift; path = Board.swift; sourceTree = "<group>"; };
		1EE4C75B24EB7ADC0038C1E2 /* UIHelper.swift */ = {isa = PBXFileReference; lastKnownFileType = sourcecode.swift; path = UIHelper.swift; sourceTree = "<group>"; };
		1EEB0D4D24CF3780008F5B4B /* ColorHelper.swift */ = {isa = PBXFileReference; lastKnownFileType = sourcecode.swift; path = ColorHelper.swift; sourceTree = "<group>"; };
/* End PBXFileReference section */

/* Begin PBXFrameworksBuildPhase section */
		1E68178C24CC973B001713E7 /* Frameworks */ = {
			isa = PBXFrameworksBuildPhase;
			buildActionMask = 2147483647;
			files = (
			);
			runOnlyForDeploymentPostprocessing = 0;
		};
/* End PBXFrameworksBuildPhase section */

/* Begin PBXGroup section */
		1E3335D4253405E100966EA6 /* game code */ = {
			isa = PBXGroup;
			children = (
				1E5A5AAD24CD077900F31124 /* TrainView.swift */,
				1E017B9D24CDB70D00CF979A /* SolveView.swift */,
				1E017B9F24CDB71A00CF979A /* PlayView.swift */,
				1E2E74BB24E86AA600218E55 /* GameView.swift */,
				1E2E74BD24E86B6500218E55 /* BoardView.swift */,
				1EDDE18F24FAC70800B7742C /* Board.swift */,
				1EC2B8842536A86C001B0A1F /* Checks.swift */,
				1E8C554625365E3400C9A556 /* GameData.swift */,
				1E3335DF25342D1100966EA6 /* opponents */,
			);
			path = "game code";
			sourceTree = "<group>";
		};
		1E3335D825342BE600966EA6 /* helpers */ = {
			isa = PBXGroup;
			children = (
				1EE4C75B24EB7ADC0038C1E2 /* UIHelper.swift */,
				1E6C428F24FCE1F20065BDF5 /* BoardHelper.swift */,
				1EA0CAB92580468D00C200E8 /* HPicker.swift */,
				1E9E9FBD24CDEB4700002500 /* SceneHelper.swift */,
				1EEB0D4D24CF3780008F5B4B /* ColorHelper.swift */,
				1E68179224CC973B001713E7 /* AppDelegate.swift */,
				1E68179424CC973B001713E7 /* SceneDelegate.swift */,
				1E68179D24CC973D001713E7 /* LaunchScreen.storyboard */,
			);
			path = helpers;
			sourceTree = "<group>";
		};
		1E3335DA25342BFF00966EA6 /* top ui */ = {
			isa = PBXGroup;
			children = (
				1E6817A624CC977B001713E7 /* MainView.swift */,
				1E883EFA24EE3B14002686C8 /* HeightHelper.swift */,
				1E6D2E4A24CE9729001EFE85 /* CubeView.swift */,
				1E02D59A24CE5696001BF62B /* AboutView.swift */,
				1E7B959124D34015004B3C80 /* SettingsView.swift */,
				1EAEE3BC24D9DCBA00490530 /* ReplaysView.swift */,
				1EAEE3BA24D9DA1400490530 /* FriendsView.swift */,
			);
			path = "top ui";
			sourceTree = "<group>";
		};
		1E3335DF25342D1100966EA6 /* opponents */ = {
			isa = PBXGroup;
			children = (
				1E3335D1253400FD00966EA6 /* Master.swift */,
				1E71336F258184B600059BC3 /* Beginner.swift */,
			);
			path = opponents;
			sourceTree = "<group>";
		};
		1E68178624CC973B001713E7 = {
			isa = PBXGroup;
			children = (
				1E68179124CC973B001713E7 /* qubic */,
				1E68179024CC973B001713E7 /* Products */,
			);
			sourceTree = "<group>";
		};
		1E68179024CC973B001713E7 /* Products */ = {
			isa = PBXGroup;
			children = (
				1E68178F24CC973B001713E7 /* qubic.app */,
			);
			name = Products;
			sourceTree = "<group>";
		};
		1E68179124CC973B001713E7 /* qubic */ = {
			isa = PBXGroup;
			children = (
				1E3335D4253405E100966EA6 /* game code */,
				1E3335DA25342BFF00966EA6 /* top ui */,
				1E3335D825342BE600966EA6 /* helpers */,
				1E68179824CC973D001713E7 /* Assets.xcassets */,
				1E3A697E24CE1F02000930A4 /* Oligopoly Regular.otf */,
				1E6817A024CC973D001713E7 /* Info.plist */,
				1E6E46B3253CCB4400DEC992 /* qubic.entitlements */,
				1E68179A24CC973D001713E7 /* Preview Content */,
			);
			path = qubic;
			sourceTree = "<group>";
		};
		1E68179A24CC973D001713E7 /* Preview Content */ = {
			isa = PBXGroup;
			children = (
				1E68179B24CC973D001713E7 /* Preview Assets.xcassets */,
			);
			path = "Preview Content";
			sourceTree = "<group>";
		};
/* End PBXGroup section */

/* Begin PBXNativeTarget section */
		1E68178E24CC973B001713E7 /* qubic */ = {
			isa = PBXNativeTarget;
			buildConfigurationList = 1E6817A324CC973D001713E7 /* Build configuration list for PBXNativeTarget "qubic" */;
			buildPhases = (
				1E68178B24CC973B001713E7 /* Sources */,
				1E68178C24CC973B001713E7 /* Frameworks */,
				1E68178D24CC973B001713E7 /* Resources */,
			);
			buildRules = (
			);
			dependencies = (
			);
			name = qubic;
			productName = qubic;
			productReference = 1E68178F24CC973B001713E7 /* qubic.app */;
			productType = "com.apple.product-type.application";
		};
/* End PBXNativeTarget section */

/* Begin PBXProject section */
		1E68178724CC973B001713E7 /* Project object */ = {
			isa = PBXProject;
			attributes = {
				LastSwiftUpdateCheck = 1160;
				LastUpgradeCheck = 1160;
				ORGANIZATIONNAME = "XNO LLC";
				TargetAttributes = {
					1E68178E24CC973B001713E7 = {
						CreatedOnToolsVersion = 11.6;
					};
				};
			};
			buildConfigurationList = 1E68178A24CC973B001713E7 /* Build configuration list for PBXProject "qubic" */;
			compatibilityVersion = "Xcode 9.3";
			developmentRegion = en;
			hasScannedForEncodings = 0;
			knownRegions = (
				en,
				Base,
			);
			mainGroup = 1E68178624CC973B001713E7;
			productRefGroup = 1E68179024CC973B001713E7 /* Products */;
			projectDirPath = "";
			projectRoot = "";
			targets = (
				1E68178E24CC973B001713E7 /* qubic */,
			);
		};
/* End PBXProject section */

/* Begin PBXResourcesBuildPhase section */
		1E68178D24CC973B001713E7 /* Resources */ = {
			isa = PBXResourcesBuildPhase;
			buildActionMask = 2147483647;
			files = (
				1E3A697F24CE1F02000930A4 /* Oligopoly Regular.otf in Resources */,
				1E68179F24CC973D001713E7 /* LaunchScreen.storyboard in Resources */,
				1E68179C24CC973D001713E7 /* Preview Assets.xcassets in Resources */,
				1E68179924CC973D001713E7 /* Assets.xcassets in Resources */,
			);
			runOnlyForDeploymentPostprocessing = 0;
		};
/* End PBXResourcesBuildPhase section */

/* Begin PBXSourcesBuildPhase section */
		1E68178B24CC973B001713E7 /* Sources */ = {
			isa = PBXSourcesBuildPhase;
			buildActionMask = 2147483647;
			files = (
				1EAEE3BD24D9DCBA00490530 /* ReplaysView.swift in Sources */,
				1E02D59B24CE5696001BF62B /* AboutView.swift in Sources */,
				1E6C429024FCE1F20065BDF5 /* BoardHelper.swift in Sources */,
				1E713370258184B600059BC3 /* Beginner.swift in Sources */,
				1EEB0D4E24CF3780008F5B4B /* ColorHelper.swift in Sources */,
				1E017BA024CDB71A00CF979A /* PlayView.swift in Sources */,
				1E8C554725365E3400C9A556 /* GameData.swift in Sources */,
				1EA0CABA2580468D00C200E8 /* HPicker.swift in Sources */,
				1EC2B8852536A86C001B0A1F /* Checks.swift in Sources */,
				1E68179324CC973B001713E7 /* AppDelegate.swift in Sources */,
				1E6817A724CC977B001713E7 /* MainView.swift in Sources */,
				1E883EFB24EE3B14002686C8 /* HeightHelper.swift in Sources */,
				1E2E74BC24E86AA600218E55 /* GameView.swift in Sources */,
				1EDDE19024FAC70800B7742C /* Board.swift in Sources */,
				1EE4C75C24EB7ADC0038C1E2 /* UIHelper.swift in Sources */,
				1E9E9FBE24CDEB4700002500 /* SceneHelper.swift in Sources */,
				1EAEE3BB24D9DA1400490530 /* FriendsView.swift in Sources */,
				1E68179524CC973B001713E7 /* SceneDelegate.swift in Sources */,
				1E5A5AAE24CD077900F31124 /* TrainView.swift in Sources */,
				1E3335D2253400FD00966EA6 /* Master.swift in Sources */,
				1E017B9E24CDB70D00CF979A /* SolveView.swift in Sources */,
				1E2E74BE24E86B6500218E55 /* BoardView.swift in Sources */,
				1E6D2E4B24CE9729001EFE85 /* CubeView.swift in Sources */,
				1E7B959224D34015004B3C80 /* SettingsView.swift in Sources */,
			);
			runOnlyForDeploymentPostprocessing = 0;
		};
/* End PBXSourcesBuildPhase section */

/* Begin PBXVariantGroup section */
		1E68179D24CC973D001713E7 /* LaunchScreen.storyboard */ = {
			isa = PBXVariantGroup;
			children = (
				1E68179E24CC973D001713E7 /* Base */,
			);
			name = LaunchScreen.storyboard;
			sourceTree = "<group>";
		};
/* End PBXVariantGroup section */

/* Begin XCBuildConfiguration section */
		1E6817A124CC973D001713E7 /* Debug */ = {
			isa = XCBuildConfiguration;
			buildSettings = {
				ALWAYS_SEARCH_USER_PATHS = NO;
				CLANG_ANALYZER_NONNULL = YES;
				CLANG_ANALYZER_NUMBER_OBJECT_CONVERSION = YES_AGGRESSIVE;
				CLANG_CXX_LANGUAGE_STANDARD = "gnu++14";
				CLANG_CXX_LIBRARY = "libc++";
				CLANG_ENABLE_MODULES = YES;
				CLANG_ENABLE_OBJC_ARC = YES;
				CLANG_ENABLE_OBJC_WEAK = YES;
				CLANG_WARN_BLOCK_CAPTURE_AUTORELEASING = YES;
				CLANG_WARN_BOOL_CONVERSION = YES;
				CLANG_WARN_COMMA = YES;
				CLANG_WARN_CONSTANT_CONVERSION = YES;
				CLANG_WARN_DEPRECATED_OBJC_IMPLEMENTATIONS = YES;
				CLANG_WARN_DIRECT_OBJC_ISA_USAGE = YES_ERROR;
				CLANG_WARN_DOCUMENTATION_COMMENTS = YES;
				CLANG_WARN_EMPTY_BODY = YES;
				CLANG_WARN_ENUM_CONVERSION = YES;
				CLANG_WARN_INFINITE_RECURSION = YES;
				CLANG_WARN_INT_CONVERSION = YES;
				CLANG_WARN_NON_LITERAL_NULL_CONVERSION = YES;
				CLANG_WARN_OBJC_IMPLICIT_RETAIN_SELF = YES;
				CLANG_WARN_OBJC_LITERAL_CONVERSION = YES;
				CLANG_WARN_OBJC_ROOT_CLASS = YES_ERROR;
				CLANG_WARN_QUOTED_INCLUDE_IN_FRAMEWORK_HEADER = YES;
				CLANG_WARN_RANGE_LOOP_ANALYSIS = YES;
				CLANG_WARN_STRICT_PROTOTYPES = YES;
				CLANG_WARN_SUSPICIOUS_MOVE = YES;
				CLANG_WARN_UNGUARDED_AVAILABILITY = YES_AGGRESSIVE;
				CLANG_WARN_UNREACHABLE_CODE = YES;
				CLANG_WARN__DUPLICATE_METHOD_MATCH = YES;
				CODE_SIGN_IDENTITY = "Apple Development";
				COPY_PHASE_STRIP = NO;
				DEBUG_INFORMATION_FORMAT = dwarf;
				DEVELOPMENT_TEAM = A44UN86BN6;
				ENABLE_STRICT_OBJC_MSGSEND = YES;
				ENABLE_TESTABILITY = YES;
				GCC_C_LANGUAGE_STANDARD = gnu11;
				GCC_DYNAMIC_NO_PIC = NO;
				GCC_NO_COMMON_BLOCKS = YES;
				GCC_OPTIMIZATION_LEVEL = 0;
				GCC_PREPROCESSOR_DEFINITIONS = (
					"DEBUG=1",
					"$(inherited)",
				);
				GCC_WARN_64_TO_32_BIT_CONVERSION = YES;
				GCC_WARN_ABOUT_RETURN_TYPE = YES_ERROR;
				GCC_WARN_UNDECLARED_SELECTOR = YES;
				GCC_WARN_UNINITIALIZED_AUTOS = YES_AGGRESSIVE;
				GCC_WARN_UNUSED_FUNCTION = YES;
				GCC_WARN_UNUSED_VARIABLE = YES;
				IPHONEOS_DEPLOYMENT_TARGET = 13.0;
				MTL_ENABLE_DEBUG_INFO = INCLUDE_SOURCE;
				MTL_FAST_MATH = YES;
				ONLY_ACTIVE_ARCH = YES;
				SDKROOT = iphoneos;
				SWIFT_ACTIVE_COMPILATION_CONDITIONS = DEBUG;
				SWIFT_OPTIMIZATION_LEVEL = "-Onone";
			};
			name = Debug;
		};
		1E6817A224CC973D001713E7 /* Release */ = {
			isa = XCBuildConfiguration;
			buildSettings = {
				ALWAYS_SEARCH_USER_PATHS = NO;
				CLANG_ANALYZER_NONNULL = YES;
				CLANG_ANALYZER_NUMBER_OBJECT_CONVERSION = YES_AGGRESSIVE;
				CLANG_CXX_LANGUAGE_STANDARD = "gnu++14";
				CLANG_CXX_LIBRARY = "libc++";
				CLANG_ENABLE_MODULES = YES;
				CLANG_ENABLE_OBJC_ARC = YES;
				CLANG_ENABLE_OBJC_WEAK = YES;
				CLANG_WARN_BLOCK_CAPTURE_AUTORELEASING = YES;
				CLANG_WARN_BOOL_CONVERSION = YES;
				CLANG_WARN_COMMA = YES;
				CLANG_WARN_CONSTANT_CONVERSION = YES;
				CLANG_WARN_DEPRECATED_OBJC_IMPLEMENTATIONS = YES;
				CLANG_WARN_DIRECT_OBJC_ISA_USAGE = YES_ERROR;
				CLANG_WARN_DOCUMENTATION_COMMENTS = YES;
				CLANG_WARN_EMPTY_BODY = YES;
				CLANG_WARN_ENUM_CONVERSION = YES;
				CLANG_WARN_INFINITE_RECURSION = YES;
				CLANG_WARN_INT_CONVERSION = YES;
				CLANG_WARN_NON_LITERAL_NULL_CONVERSION = YES;
				CLANG_WARN_OBJC_IMPLICIT_RETAIN_SELF = YES;
				CLANG_WARN_OBJC_LITERAL_CONVERSION = YES;
				CLANG_WARN_OBJC_ROOT_CLASS = YES_ERROR;
				CLANG_WARN_QUOTED_INCLUDE_IN_FRAMEWORK_HEADER = YES;
				CLANG_WARN_RANGE_LOOP_ANALYSIS = YES;
				CLANG_WARN_STRICT_PROTOTYPES = YES;
				CLANG_WARN_SUSPICIOUS_MOVE = YES;
				CLANG_WARN_UNGUARDED_AVAILABILITY = YES_AGGRESSIVE;
				CLANG_WARN_UNREACHABLE_CODE = YES;
				CLANG_WARN__DUPLICATE_METHOD_MATCH = YES;
				CODE_SIGN_IDENTITY = "Apple Development";
				COPY_PHASE_STRIP = NO;
				DEBUG_INFORMATION_FORMAT = "dwarf-with-dsym";
				DEVELOPMENT_TEAM = A44UN86BN6;
				ENABLE_NS_ASSERTIONS = NO;
				ENABLE_STRICT_OBJC_MSGSEND = YES;
				GCC_C_LANGUAGE_STANDARD = gnu11;
				GCC_NO_COMMON_BLOCKS = YES;
				GCC_WARN_64_TO_32_BIT_CONVERSION = YES;
				GCC_WARN_ABOUT_RETURN_TYPE = YES_ERROR;
				GCC_WARN_UNDECLARED_SELECTOR = YES;
				GCC_WARN_UNINITIALIZED_AUTOS = YES_AGGRESSIVE;
				GCC_WARN_UNUSED_FUNCTION = YES;
				GCC_WARN_UNUSED_VARIABLE = YES;
				IPHONEOS_DEPLOYMENT_TARGET = 13.0;
				MTL_ENABLE_DEBUG_INFO = NO;
				MTL_FAST_MATH = YES;
				SDKROOT = iphoneos;
				SWIFT_COMPILATION_MODE = wholemodule;
				SWIFT_OPTIMIZATION_LEVEL = "-O";
				VALIDATE_PRODUCT = YES;
			};
			name = Release;
		};
		1E6817A424CC973D001713E7 /* Debug */ = {
			isa = XCBuildConfiguration;
			buildSettings = {
				ASSETCATALOG_COMPILER_APPICON_NAME = AppIcon;
				CODE_SIGN_ENTITLEMENTS = qubic/qubic.entitlements;
				CODE_SIGN_IDENTITY = "Apple Development";
				CODE_SIGN_STYLE = Automatic;
				CURRENT_PROJECT_VERSION = 3;
				DEVELOPMENT_ASSET_PATHS = "\"qubic/Preview Content\"";
				DEVELOPMENT_TEAM = A44UN86BN6;
				ENABLE_PREVIEWS = YES;
				INFOPLIST_FILE = qubic/Info.plist;
				IPHONEOS_DEPLOYMENT_TARGET = 13.0;
				LD_RUNPATH_SEARCH_PATHS = (
					"$(inherited)",
					"@executable_path/Frameworks",
				);
				MARKETING_VERSION = 3.0;
				PRODUCT_BUNDLE_IDENTIFIER = store.xno.4Play;
				PRODUCT_NAME = "$(TARGET_NAME)";
				PROVISIONING_PROFILE_SPECIFIER = "";
				SUPPORTS_MACCATALYST = YES;
				SUPPORTS_MAC_DESIGNED_FOR_IPHONE_IPAD = NO;
				SWIFT_VERSION = 5.0;
				TARGETED_DEVICE_FAMILY = "1,2";
			};
			name = Debug;
		};
		1E6817A524CC973D001713E7 /* Release */ = {
			isa = XCBuildConfiguration;
			buildSettings = {
				ASSETCATALOG_COMPILER_APPICON_NAME = AppIcon;
				CODE_SIGN_ENTITLEMENTS = qubic/qubic.entitlements;
				CODE_SIGN_IDENTITY = "Apple Development";
				CODE_SIGN_STYLE = Automatic;
				CURRENT_PROJECT_VERSION = 3;
				DEVELOPMENT_ASSET_PATHS = "\"qubic/Preview Content\"";
				DEVELOPMENT_TEAM = A44UN86BN6;
				ENABLE_PREVIEWS = YES;
				INFOPLIST_FILE = qubic/Info.plist;
				IPHONEOS_DEPLOYMENT_TARGET = 13.0;
				LD_RUNPATH_SEARCH_PATHS = (
					"$(inherited)",
					"@executable_path/Frameworks",
				);
				MARKETING_VERSION = 3.0;
				PRODUCT_BUNDLE_IDENTIFIER = store.xno.4Play;
				PRODUCT_NAME = "$(TARGET_NAME)";
				PROVISIONING_PROFILE_SPECIFIER = "";
				SUPPORTS_MACCATALYST = YES;
				SUPPORTS_MAC_DESIGNED_FOR_IPHONE_IPAD = NO;
				SWIFT_VERSION = 5.0;
				TARGETED_DEVICE_FAMILY = "1,2";
			};
			name = Release;
		};
/* End XCBuildConfiguration section */

/* Begin XCConfigurationList section */
		1E68178A24CC973B001713E7 /* Build configuration list for PBXProject "qubic" */ = {
			isa = XCConfigurationList;
			buildConfigurations = (
				1E6817A124CC973D001713E7 /* Debug */,
				1E6817A224CC973D001713E7 /* Release */,
			);
			defaultConfigurationIsVisible = 0;
			defaultConfigurationName = Release;
		};
		1E6817A324CC973D001713E7 /* Build configuration list for PBXNativeTarget "qubic" */ = {
			isa = XCConfigurationList;
			buildConfigurations = (
				1E6817A424CC973D001713E7 /* Debug */,
				1E6817A524CC973D001713E7 /* Release */,
			);
			defaultConfigurationIsVisible = 0;
			defaultConfigurationName = Release;
		};
/* End XCConfigurationList section */
	};
	rootObject = 1E68178724CC973B001713E7 /* Project object */;
}
